lockfileVersion: '9.0'

settings:
  autoInstallPeers: true
  excludeLinksFromLockfile: false

importers:

  .:
    devDependencies:
      varlock:
        specifier: ^0.5.0
        version: 0.5.0

packages:

  varlock@0.5.0:
    resolution: {integrity: sha512-jfFNdzK+pznQWyp6eHv7X3iImEmNG7KaGZL2sQJxTlifxRtIwgNknLKmds8zPUhUMdcCybhJy52lewgscu8pkg==}
    engines: {bun: '>=1.3.3', node: '>=22'}
    hasBin: true

snapshots:

  varlock@0.5.0: {}
